
Microsoft Visual Studio Solution File, Format Version 12.00
# Visual Studio Version 17
VisualStudioVersion = 17.8.34525.116
MinimumVisualStudioVersion = 10.0.40219.1
Project("{FAE04EC0-301F-11D3-BF4B-00C04F79EFBC}") = "ProblemB", "ProblemB.csproj", "{49EB532F-EE1C-4018-806D-DA85F9BF922D}"
EndProject
Global
	GlobalSection(SolutionConfigurationPlatforms) = preSolution
		Debug|Any CPU = Debug|Any CPU
		Release|Any CPU = Release|Any CPU
	EndGlobalSection
	GlobalSection(ProjectConfigurationPlatforms) = postSolution
		{49EB532F-EE1C-4018-806D-DA85F9BF922D}.Debug|Any CPU.ActiveCfg = Debug|Any CPU
		{49EB532F-EE1C-4018-806D-DA85F9BF922D}.Debug|Any CPU.Build.0 = Debug|Any CPU
		{49EB532F-EE1C-4018-806D-DA85F9BF922D}.Release|Any CPU.ActiveCfg = Release|Any CPU
		{49EB532F-EE1C-4018-806D-DA85F9BF922D}.Release|Any CPU.Build.0 = Release|Any CPU
	EndGlobalSection
	GlobalSection(SolutionProperties) = preSolution
		HideSolutionNode = FALSE
	EndGlobalSection
	GlobalSection(ExtensibilityGlobals) = postSolution
		SolutionGuid = {68BFA52D-E222-41A0-AB11-C32E5A5E18F4}
	EndGlobalSection
EndGlobal
