
Microsoft Visual Studio Solution File, Format Version 12.00
# Visual Studio Version 17
VisualStudioVersion = 17.8.34525.116
MinimumVisualStudioVersion = 10.0.40219.1
Project("{FAE04EC0-301F-11D3-BF4B-00C04F79EFBC}") = "EmsFinalPoe", "EmsFinalPoe.csproj", "{863EBB5E-CED6-4B2A-A455-688E6E605848}"
EndProject
Global
	GlobalSection(SolutionConfigurationPlatforms) = preSolution
		Debug|Any CPU = Debug|Any CPU
		Release|Any CPU = Release|Any CPU
	EndGlobalSection
	GlobalSection(ProjectConfigurationPlatforms) = postSolution
		{863EBB5E-CED6-4B2A-A455-688E6E605848}.Debug|Any CPU.ActiveCfg = Debug|Any CPU
		{863EBB5E-CED6-4B2A-A455-688E6E605848}.Debug|Any CPU.Build.0 = Debug|Any CPU
		{863EBB5E-CED6-4B2A-A455-688E6E605848}.Release|Any CPU.ActiveCfg = Release|Any CPU
		{863EBB5E-CED6-4B2A-A455-688E6E605848}.Release|Any CPU.Build.0 = Release|Any CPU
	EndGlobalSection
	GlobalSection(SolutionProperties) = preSolution
		HideSolutionNode = FALSE
	EndGlobalSection
	GlobalSection(ExtensibilityGlobals) = postSolution
		SolutionGuid = {4C97E15A-672F-4530-9869-E670E876A79A}
	EndGlobalSection
EndGlobal
