
Microsoft Visual Studio Solution File, Format Version 12.00
# Visual Studio Version 17
VisualStudioVersion = 17.8.34525.116
MinimumVisualStudioVersion = 10.0.40219.1
Project("{FAE04EC0-301F-11D3-BF4B-00C04F79EFBC}") = "MyAppSem1Year3", "MyAppSem1Year3.csproj", "{AA071603-314C-491E-AB14-1FF05DA6E3E5}"
EndProject
Global
	GlobalSection(SolutionConfigurationPlatforms) = preSolution
		Debug|Any CPU = Debug|Any CPU
		Release|Any CPU = Release|Any CPU
	EndGlobalSection
	GlobalSection(ProjectConfigurationPlatforms) = postSolution
		{AA071603-314C-491E-AB14-1FF05DA6E3E5}.Debug|Any CPU.ActiveCfg = Debug|Any CPU
		{AA071603-314C-491E-AB14-1FF05DA6E3E5}.Debug|Any CPU.Build.0 = Debug|Any CPU
		{AA071603-314C-491E-AB14-1FF05DA6E3E5}.Release|Any CPU.ActiveCfg = Release|Any CPU
		{AA071603-314C-491E-AB14-1FF05DA6E3E5}.Release|Any CPU.Build.0 = Release|Any CPU
	EndGlobalSection
	GlobalSection(SolutionProperties) = preSolution
		HideSolutionNode = FALSE
	EndGlobalSection
	GlobalSection(ExtensibilityGlobals) = postSolution
		SolutionGuid = {73487CC9-EC8A-4B7D-82CE-46C50BDDB05D}
	EndGlobalSection
EndGlobal
