
Microsoft Visual Studio Solution File, Format Version 12.00
# Visual Studio Version 17
VisualStudioVersion = 17.8.34525.116
MinimumVisualStudioVersion = 10.0.40219.1
Project("{FAE04EC0-301F-11D3-BF4B-00C04F79EFBC}") = "ArrayApp1", "ArrayApp1.csproj", "{11E52B10-7CD1-4D39-BD68-9154E13640A0}"
EndProject
Global
	GlobalSection(SolutionConfigurationPlatforms) = preSolution
		Debug|Any CPU = Debug|Any CPU
		Release|Any CPU = Release|Any CPU
	EndGlobalSection
	GlobalSection(ProjectConfigurationPlatforms) = postSolution
		{11E52B10-7CD1-4D39-BD68-9154E13640A0}.Debug|Any CPU.ActiveCfg = Debug|Any CPU
		{11E52B10-7CD1-4D39-BD68-9154E13640A0}.Debug|Any CPU.Build.0 = Debug|Any CPU
		{11E52B10-7CD1-4D39-BD68-9154E13640A0}.Release|Any CPU.ActiveCfg = Release|Any CPU
		{11E52B10-7CD1-4D39-BD68-9154E13640A0}.Release|Any CPU.Build.0 = Release|Any CPU
	EndGlobalSection
	GlobalSection(SolutionProperties) = preSolution
		HideSolutionNode = FALSE
	EndGlobalSection
	GlobalSection(ExtensibilityGlobals) = postSolution
		SolutionGuid = {17A6C4A4-539B-4E9E-B545-3DD9CE46B7C6}
	EndGlobalSection
EndGlobal
