
Microsoft Visual Studio Solution File, Format Version 12.00
# Visual Studio Version 17
VisualStudioVersion = 17.8.34525.116
MinimumVisualStudioVersion = 10.0.40219.1
Project("{FAE04EC0-301F-11D3-BF4B-00C04F79EFBC}") = "TheAgriPart3", "TheAgriPart3.csproj", "{7652D2A0-2D07-4CD0-AD5A-1DC121D7454B}"
EndProject
Global
	GlobalSection(SolutionConfigurationPlatforms) = preSolution
		Debug|Any CPU = Debug|Any CPU
		Release|Any CPU = Release|Any CPU
	EndGlobalSection
	GlobalSection(ProjectConfigurationPlatforms) = postSolution
		{7652D2A0-2D07-4CD0-AD5A-1DC121D7454B}.Debug|Any CPU.ActiveCfg = Debug|Any CPU
		{7652D2A0-2D07-4CD0-AD5A-1DC121D7454B}.Debug|Any CPU.Build.0 = Debug|Any CPU
		{7652D2A0-2D07-4CD0-AD5A-1DC121D7454B}.Release|Any CPU.ActiveCfg = Release|Any CPU
		{7652D2A0-2D07-4CD0-AD5A-1DC121D7454B}.Release|Any CPU.Build.0 = Release|Any CPU
	EndGlobalSection
	GlobalSection(SolutionProperties) = preSolution
		HideSolutionNode = FALSE
	EndGlobalSection
	GlobalSection(ExtensibilityGlobals) = postSolution
		SolutionGuid = {F3BF2FF3-B92E-444B-8E0B-B396A9811691}
	EndGlobalSection
EndGlobal
